// !$*UTF8*$!
{
	archiveVersion = 1;
	classes = {
	};
	objectVersion = 48;
	objects = {

/* Begin PBXBuildFile section */
		1613D8A428A48DCA67A5EF08 /* libPods-Todo.a in Frameworks */ = {isa = PBXBuildFile; fileRef = E84095DC2DACE2517053A32F /* libPods-Todo.a */; };
		D13200E720276583001A5B28 /* DbHelper.m in Sources */ = {isa = PBXBuildFile; fileRef = D13200E620276583001A5B28 /* DbHelper.m */; };
		D15E35C62021C9CC00109978 /* AppDelegate.m in Sources */ = {isa = PBXBuildFile; fileRef = D15E35C52021C9CC00109978 /* AppDelegate.m */; };
		D15E35C92021C9CC00109978 /* ViewController.m in Sources */ = {isa = PBXBuildFile; fileRef = D15E35C82021C9CC00109978 /* ViewController.m */; };
		D15E35CC2021C9CC00109978 /* Main.storyboard in Resources */ = {isa = PBXBuildFile; fileRef = D15E35CA2021C9CC00109978 /* Main.storyboard */; };
		D15E35CE2021C9CC00109978 /* Assets.xcassets in Resources */ = {isa = PBXBuildFile; fileRef = D15E35CD2021C9CC00109978 /* Assets.xcassets */; };
		D15E35D12021C9CC00109978 /* LaunchScreen.storyboard in Resources */ = {isa = PBXBuildFile; fileRef = D15E35CF2021C9CC00109978 /* LaunchScreen.storyboard */; };
		D15E35D42021C9CC00109978 /* main.m in Sources */ = {isa = PBXBuildFile; fileRef = D15E35D32021C9CC00109978 /* main.m */; };
		D15E35DC2021F0C000109978 /* TodosViewController.m in Sources */ = {isa = PBXBuildFile; fileRef = D15E35DB2021F0C000109978 /* TodosViewController.m */; };
/* End PBXBuildFile section */

/* Begin PBXFileReference section */
		28505733DF910D9F31A1F4D5 /* Pods-Todo.release.xcconfig */ = {isa = PBXFileReference; includeInIndex = 1; lastKnownFileType = text.xcconfig; name = "Pods-Todo.release.xcconfig"; path = "Pods/Target Support Files/Pods-Todo/Pods-Todo.release.xcconfig"; sourceTree = "<group>"; };
		34E6C733B342556A44196C13 /* Pods-Todo.debug.xcconfig */ = {isa = PBXFileReference; includeInIndex = 1; lastKnownFileType = text.xcconfig; name = "Pods-Todo.debug.xcconfig"; path = "Pods/Target Support Files/Pods-Todo/Pods-Todo.debug.xcconfig"; sourceTree = "<group>"; };
		D13200E520276583001A5B28 /* DbHelper.h */ = {isa = PBXFileReference; lastKnownFileType = sourcecode.c.h; path = DbHelper.h; sourceTree = "<group>"; };
		D13200E620276583001A5B28 /* DbHelper.m */ = {isa = PBXFileReference; lastKnownFileType = sourcecode.c.objc; path = DbHelper.m; sourceTree = "<group>"; };
		D15E35C12021C9CC00109978 /* Todo.app */ = {isa = PBXFileReference; explicitFileType = wrapper.application; includeInIndex = 0; path = Todo.app; sourceTree = BUILT_PRODUCTS_DIR; };
		D15E35C42021C9CC00109978 /* AppDelegate.h */ = {isa = PBXFileReference; lastKnownFileType = sourcecode.c.h; path = AppDelegate.h; sourceTree = "<group>"; };
		D15E35C52021C9CC00109978 /* AppDelegate.m */ = {isa = PBXFileReference; lastKnownFileType = sourcecode.c.objc; path = AppDelegate.m; sourceTree = "<group>"; };
		D15E35C72021C9CC00109978 /* ViewController.h */ = {isa = PBXFileReference; lastKnownFileType = sourcecode.c.h; path = ViewController.h; sourceTree = "<group>"; };
		D15E35C82021C9CC00109978 /* ViewController.m */ = {isa = PBXFileReference; lastKnownFileType = sourcecode.c.objc; path = ViewController.m; sourceTree = "<group>"; };
		D15E35CB2021C9CC00109978 /* Base */ = {isa = PBXFileReference; lastKnownFileType = file.storyboard; name = Base; path = Base.lproj/Main.storyboard; sourceTree = "<group>"; };
		D15E35CD2021C9CC00109978 /* Assets.xcassets */ = {isa = PBXFileReference; lastKnownFileType = folder.assetcatalog; path = Assets.xcassets; sourceTree = "<group>"; };
		D15E35D02021C9CC00109978 /* Base */ = {isa = PBXFileReference; lastKnownFileType = file.storyboard; name = Base; path = Base.lproj/LaunchScreen.storyboard; sourceTree = "<group>"; };
		D15E35D22021C9CC00109978 /* Info.plist */ = {isa = PBXFileReference; lastKnownFileType = text.plist.xml; path = Info.plist; sourceTree = "<group>"; };
		D15E35D32021C9CC00109978 /* main.m */ = {isa = PBXFileReference; lastKnownFileType = sourcecode.c.objc; path = main.m; sourceTree = "<group>"; };
		D15E35DA2021F0C000109978 /* TodosViewController.h */ = {isa = PBXFileReference; lastKnownFileType = sourcecode.c.h; path = TodosViewController.h; sourceTree = "<group>"; };
		D15E35DB2021F0C000109978 /* TodosViewController.m */ = {isa = PBXFileReference; lastKnownFileType = sourcecode.c.objc; path = TodosViewController.m; sourceTree = "<group>"; };
		E84095DC2DACE2517053A32F /* libPods-Todo.a */ = {isa = PBXFileReference; explicitFileType = archive.ar; includeInIndex = 0; path = "libPods-Todo.a"; sourceTree = BUILT_PRODUCTS_DIR; };
/* End PBXFileReference section */

/* Begin PBXFrameworksBuildPhase section */
		D15E35BE2021C9CC00109978 /* Frameworks */ = {
			isa = PBXFrameworksBuildPhase;
			buildActionMask = 2147483647;
			files = (
				1613D8A428A48DCA67A5EF08 /* libPods-Todo.a in Frameworks */,
			);
			runOnlyForDeploymentPostprocessing = 0;
		};
/* End PBXFrameworksBuildPhase section */

/* Begin PBXGroup section */
		03DC1FDBC85F4E686E65E325 /* Pods */ = {
			isa = PBXGroup;
			children = (
				34E6C733B342556A44196C13 /* Pods-Todo.debug.xcconfig */,
				28505733DF910D9F31A1F4D5 /* Pods-Todo.release.xcconfig */,
			);
			name = Pods;
			sourceTree = "<group>";
		};
		C0768F9614C19F20BD853B80 /* Frameworks */ = {
			isa = PBXGroup;
			children = (
				E84095DC2DACE2517053A32F /* libPods-Todo.a */,
			);
			name = Frameworks;
			sourceTree = "<group>";
		};
		D15E35B82021C9CC00109978 = {
			isa = PBXGroup;
			children = (
				D15E35C32021C9CC00109978 /* Todo */,
				D15E35C22021C9CC00109978 /* Products */,
				03DC1FDBC85F4E686E65E325 /* Pods */,
				C0768F9614C19F20BD853B80 /* Frameworks */,
			);
			sourceTree = "<group>";
		};
		D15E35C22021C9CC00109978 /* Products */ = {
			isa = PBXGroup;
			children = (
				D15E35C12021C9CC00109978 /* Todo.app */,
			);
			name = Products;
			sourceTree = "<group>";
		};
		D15E35C32021C9CC00109978 /* Todo */ = {
			isa = PBXGroup;
			children = (
				D15E35C42021C9CC00109978 /* AppDelegate.h */,
				D15E35C52021C9CC00109978 /* AppDelegate.m */,
				D15E35C72021C9CC00109978 /* ViewController.h */,
				D15E35C82021C9CC00109978 /* ViewController.m */,
				D13200E520276583001A5B28 /* DbHelper.h */,
				D13200E620276583001A5B28 /* DbHelper.m */,
				D15E35CA2021C9CC00109978 /* Main.storyboard */,
				D15E35CD2021C9CC00109978 /* Assets.xcassets */,
				D15E35CF2021C9CC00109978 /* LaunchScreen.storyboard */,
				D15E35D22021C9CC00109978 /* Info.plist */,
				D15E35D32021C9CC00109978 /* main.m */,
				D15E35DA2021F0C000109978 /* TodosViewController.h */,
				D15E35DB2021F0C000109978 /* TodosViewController.m */,
			);
			path = Todo;
			sourceTree = "<group>";
		};
/* End PBXGroup section */

/* Begin PBXNativeTarget section */
		D15E35C02021C9CC00109978 /* Todo */ = {
			isa = PBXNativeTarget;
			buildConfigurationList = D15E35D72021C9CC00109978 /* Build configuration list for PBXNativeTarget "Todo" */;
			buildPhases = (
				AC8596679044F5F8FFD66A88 /* [CP] Check Pods Manifest.lock */,
				D15E35BD2021C9CC00109978 /* Sources */,
				D15E35BE2021C9CC00109978 /* Frameworks */,
				D15E35BF2021C9CC00109978 /* Resources */,
				678024152428AC8B375784B5 /* [CP] Embed Pods Frameworks */,
				F981A8A7F630785DDCF53336 /* [CP] Copy Pods Resources */,
			);
			buildRules = (
			);
			dependencies = (
			);
			name = Todo;
			productName = Todo;
			productReference = D15E35C12021C9CC00109978 /* Todo.app */;
			productType = "com.apple.product-type.application";
		};
/* End PBXNativeTarget section */

/* Begin PBXProject section */
		D15E35B92021C9CC00109978 /* Project object */ = {
			isa = PBXProject;
			attributes = {
				LastUpgradeCheck = 0920;
				ORGANIZATIONNAME = "Oliver Johansson";
				TargetAttributes = {
					D15E35C02021C9CC00109978 = {
						CreatedOnToolsVersion = 9.2;
						ProvisioningStyle = Automatic;
					};
				};
			};
			buildConfigurationList = D15E35BC2021C9CC00109978 /* Build configuration list for PBXProject "Todo" */;
			compatibilityVersion = "Xcode 8.0";
			developmentRegion = en;
			hasScannedForEncodings = 0;
			knownRegions = (
				en,
				Base,
			);
			mainGroup = D15E35B82021C9CC00109978;
			productRefGroup = D15E35C22021C9CC00109978 /* Products */;
			projectDirPath = "";
			projectRoot = "";
			targets = (
				D15E35C02021C9CC00109978 /* Todo */,
			);
		};
/* End PBXProject section */

/* Begin PBXResourcesBuildPhase section */
		D15E35BF2021C9CC00109978 /* Resources */ = {
			isa = PBXResourcesBuildPhase;
			buildActionMask = 2147483647;
			files = (
				D15E35D12021C9CC00109978 /* LaunchScreen.storyboard in Resources */,
				D15E35CE2021C9CC00109978 /* Assets.xcassets in Resources */,
				D15E35CC2021C9CC00109978 /* Main.storyboard in Resources */,
			);
			runOnlyForDeploymentPostprocessing = 0;
		};
/* End PBXResourcesBuildPhase section */

/* Begin PBXShellScriptBuildPhase section */
		678024152428AC8B375784B5 /* [CP] Embed Pods Frameworks */ = {
			isa = PBXShellScriptBuildPhase;
			buildActionMask = 2147483647;
			files = (
			);
			inputPaths = (
			);
			name = "[CP] Embed Pods Frameworks";
			outputPaths = (
			);
			runOnlyForDeploymentPostprocessing = 0;
			shellPath = /bin/sh;
			shellScript = "\"${SRCROOT}/Pods/Target Support Files/Pods-Todo/Pods-Todo-frameworks.sh\"\n";
			showEnvVarsInLog = 0;
		};
		AC8596679044F5F8FFD66A88 /* [CP] Check Pods Manifest.lock */ = {
			isa = PBXShellScriptBuildPhase;
			buildActionMask = 2147483647;
			files = (
			);
			inputPaths = (
				"${PODS_PODFILE_DIR_PATH}/Podfile.lock",
				"${PODS_ROOT}/Manifest.lock",
			);
			name = "[CP] Check Pods Manifest.lock";
			outputPaths = (
				"$(DERIVED_FILE_DIR)/Pods-Todo-checkManifestLockResult.txt",
			);
			runOnlyForDeploymentPostprocessing = 0;
			shellPath = /bin/sh;
			shellScript = "diff \"${PODS_PODFILE_DIR_PATH}/Podfile.lock\" \"${PODS_ROOT}/Manifest.lock\" > /dev/null\nif [ $? != 0 ] ; then\n    # print error to STDERR\n    echo \"error: The sandbox is not in sync with the Podfile.lock. Run 'pod install' or update your CocoaPods installation.\" >&2\n    exit 1\nfi\n# This output is used by Xcode 'outputs' to avoid re-running this script phase.\necho \"SUCCESS\" > \"${SCRIPT_OUTPUT_FILE_0}\"\n";
			showEnvVarsInLog = 0;
		};
		F981A8A7F630785DDCF53336 /* [CP] Copy Pods Resources */ = {
			isa = PBXShellScriptBuildPhase;
			buildActionMask = 2147483647;
			files = (
			);
			inputPaths = (
			);
			name = "[CP] Copy Pods Resources";
			outputPaths = (
			);
			runOnlyForDeploymentPostprocessing = 0;
			shellPath = /bin/sh;
			shellScript = "\"${SRCROOT}/Pods/Target Support Files/Pods-Todo/Pods-Todo-resources.sh\"\n";
			showEnvVarsInLog = 0;
		};
/* End PBXShellScriptBuildPhase section */

/* Begin PBXSourcesBuildPhase section */
		D15E35BD2021C9CC00109978 /* Sources */ = {
			isa = PBXSourcesBuildPhase;
			buildActionMask = 2147483647;
			files = (
				D15E35DC2021F0C000109978 /* TodosViewController.m in Sources */,
				D15E35C92021C9CC00109978 /* ViewController.m in Sources */,
				D15E35D42021C9CC00109978 /* main.m in Sources */,
				D15E35C62021C9CC00109978 /* AppDelegate.m in Sources */,
				D13200E720276583001A5B28 /* DbHelper.m in Sources */,
			);
			runOnlyForDeploymentPostprocessing = 0;
		};
/* End PBXSourcesBuildPhase section */

/* Begin PBXVariantGroup section */
		D15E35CA2021C9CC00109978 /* Main.storyboard */ = {
			isa = PBXVariantGroup;
			children = (
				D15E35CB2021C9CC00109978 /* Base */,
			);
			name = Main.storyboard;
			sourceTree = "<group>";
		};
		D15E35CF2021C9CC00109978 /* LaunchScreen.storyboard */ = {
			isa = PBXVariantGroup;
			children = (
				D15E35D02021C9CC00109978 /* Base */,
			);
			name = LaunchScreen.storyboard;
			sourceTree = "<group>";
		};
/* End PBXVariantGroup section */

/* Begin XCBuildConfiguration section */
		D15E35D52021C9CC00109978 /* Debug */ = {
			isa = XCBuildConfiguration;
			buildSettings = {
				ALWAYS_SEARCH_USER_PATHS = NO;
				CLANG_ANALYZER_NONNULL = YES;
				CLANG_ANALYZER_NUMBER_OBJECT_CONVERSION = YES_AGGRESSIVE;
				CLANG_CXX_LANGUAGE_STANDARD = "gnu++14";
				CLANG_CXX_LIBRARY = "libc++";
				CLANG_ENABLE_MODULES = YES;
				CLANG_ENABLE_OBJC_ARC = YES;
				CLANG_WARN_BLOCK_CAPTURE_AUTORELEASING = YES;
				CLANG_WARN_BOOL_CONVERSION = YES;
				CLANG_WARN_COMMA = YES;
				CLANG_WARN_CONSTANT_CONVERSION = YES;
				CLANG_WARN_DIRECT_OBJC_ISA_USAGE = YES_ERROR;
				CLANG_WARN_DOCUMENTATION_COMMENTS = YES;
				CLANG_WARN_EMPTY_BODY = YES;
				CLANG_WARN_ENUM_CONVERSION = YES;
				CLANG_WARN_INFINITE_RECURSION = YES;
				CLANG_WARN_INT_CONVERSION = YES;
				CLANG_WARN_NON_LITERAL_NULL_CONVERSION = YES;
				CLANG_WARN_OBJC_LITERAL_CONVERSION = YES;
				CLANG_WARN_OBJC_ROOT_CLASS = YES_ERROR;
				CLANG_WARN_RANGE_LOOP_ANALYSIS = YES;
				CLANG_WARN_STRICT_PROTOTYPES = YES;
				CLANG_WARN_SUSPICIOUS_MOVE = YES;
				CLANG_WARN_UNGUARDED_AVAILABILITY = YES_AGGRESSIVE;
				CLANG_WARN_UNREACHABLE_CODE = YES;
				CLANG_WARN__DUPLICATE_METHOD_MATCH = YES;
				CODE_SIGN_IDENTITY = "iPhone Developer";
				COPY_PHASE_STRIP = NO;
				DEBUG_INFORMATION_FORMAT = dwarf;
				ENABLE_STRICT_OBJC_MSGSEND = YES;
				ENABLE_TESTABILITY = YES;
				GCC_C_LANGUAGE_STANDARD = gnu11;
				GCC_DYNAMIC_NO_PIC = NO;
				GCC_NO_COMMON_BLOCKS = YES;
				GCC_OPTIMIZATION_LEVEL = 0;
				GCC_PREPROCESSOR_DEFINITIONS = (
					"DEBUG=1",
					"$(inherited)",
				);
				GCC_WARN_64_TO_32_BIT_CONVERSION = YES;
				GCC_WARN_ABOUT_RETURN_TYPE = YES_ERROR;
				GCC_WARN_UNDECLARED_SELECTOR = YES;
				GCC_WARN_UNINITIALIZED_AUTOS = YES_AGGRESSIVE;
				GCC_WARN_UNUSED_FUNCTION = YES;
				GCC_WARN_UNUSED_VARIABLE = YES;
				IPHONEOS_DEPLOYMENT_TARGET = 11.2;
				MTL_ENABLE_DEBUG_INFO = YES;
				ONLY_ACTIVE_ARCH = YES;
				SDKROOT = iphoneos;
			};
			name = Debug;
		};
		D15E35D62021C9CC00109978 /* Release */ = {
			isa = XCBuildConfiguration;
			buildSettings = {
				ALWAYS_SEARCH_USER_PATHS = NO;
				CLANG_ANALYZER_NONNULL = YES;
				CLANG_ANALYZER_NUMBER_OBJECT_CONVERSION = YES_AGGRESSIVE;
				CLANG_CXX_LANGUAGE_STANDARD = "gnu++14";
				CLANG_CXX_LIBRARY = "libc++";
				CLANG_ENABLE_MODULES = YES;
				CLANG_ENABLE_OBJC_ARC = YES;
				CLANG_WARN_BLOCK_CAPTURE_AUTORELEASING = YES;
				CLANG_WARN_BOOL_CONVERSION = YES;
				CLANG_WARN_COMMA = YES;
				CLANG_WARN_CONSTANT_CONVERSION = YES;
				CLANG_WARN_DIRECT_OBJC_ISA_USAGE = YES_ERROR;
				CLANG_WARN_DOCUMENTATION_COMMENTS = YES;
				CLANG_WARN_EMPTY_BODY = YES;
				CLANG_WARN_ENUM_CONVERSION = YES;
				CLANG_WARN_INFINITE_RECURSION = YES;
				CLANG_WARN_INT_CONVERSION = YES;
				CLANG_WARN_NON_LITERAL_NULL_CONVERSION = YES;
				CLANG_WARN_OBJC_LITERAL_CONVERSION = YES;
				CLANG_WARN_OBJC_ROOT_CLASS = YES_ERROR;
				CLANG_WARN_RANGE_LOOP_ANALYSIS = YES;
				CLANG_WARN_STRICT_PROTOTYPES = YES;
				CLANG_WARN_SUSPICIOUS_MOVE = YES;
				CLANG_WARN_UNGUARDED_AVAILABILITY = YES_AGGRESSIVE;
				CLANG_WARN_UNREACHABLE_CODE = YES;
				CLANG_WARN__DUPLICATE_METHOD_MATCH = YES;
				CODE_SIGN_IDENTITY = "iPhone Developer";
				COPY_PHASE_STRIP = NO;
				DEBUG_INFORMATION_FORMAT = "dwarf-with-dsym";
				ENABLE_NS_ASSERTIONS = NO;
				ENABLE_STRICT_OBJC_MSGSEND = YES;
				GCC_C_LANGUAGE_STANDARD = gnu11;
				GCC_NO_COMMON_BLOCKS = YES;
				GCC_WARN_64_TO_32_BIT_CONVERSION = YES;
				GCC_WARN_ABOUT_RETURN_TYPE = YES_ERROR;
				GCC_WARN_UNDECLARED_SELECTOR = YES;
				GCC_WARN_UNINITIALIZED_AUTOS = YES_AGGRESSIVE;
				GCC_WARN_UNUSED_FUNCTION = YES;
				GCC_WARN_UNUSED_VARIABLE = YES;
				IPHONEOS_DEPLOYMENT_TARGET = 11.2;
				MTL_ENABLE_DEBUG_INFO = NO;
				SDKROOT = iphoneos;
				VALIDATE_PRODUCT = YES;
			};
			name = Release;
		};
		D15E35D82021C9CC00109978 /* Debug */ = {
			isa = XCBuildConfiguration;
			baseConfigurationReference = 34E6C733B342556A44196C13 /* Pods-Todo.debug.xcconfig */;
			buildSettings = {
				ASSETCATALOG_COMPILER_APPICON_NAME = AppIcon;
				CODE_SIGN_STYLE = Automatic;
				INFOPLIST_FILE = Todo/Info.plist;
				LD_RUNPATH_SEARCH_PATHS = "$(inherited) @executable_path/Frameworks";
				PRODUCT_BUNDLE_IDENTIFIER = GlutchLab.Todo;
				PRODUCT_NAME = "$(TARGET_NAME)";
				TARGETED_DEVICE_FAMILY = "1,2";
			};
			name = Debug;
		};
		D15E35D92021C9CC00109978 /* Release */ = {
			isa = XCBuildConfiguration;
			baseConfigurationReference = 28505733DF910D9F31A1F4D5 /* Pods-Todo.release.xcconfig */;
			buildSettings = {
				ASSETCATALOG_COMPILER_APPICON_NAME = AppIcon;
				CODE_SIGN_STYLE = Automatic;
				INFOPLIST_FILE = Todo/Info.plist;
				LD_RUNPATH_SEARCH_PATHS = "$(inherited) @executable_path/Frameworks";
				PRODUCT_BUNDLE_IDENTIFIER = GlutchLab.Todo;
				PRODUCT_NAME = "$(TARGET_NAME)";
				TARGETED_DEVICE_FAMILY = "1,2";
			};
			name = Release;
		};
/* End XCBuildConfiguration section */

/* Begin XCConfigurationList section */
		D15E35BC2021C9CC00109978 /* Build configuration list for PBXProject "Todo" */ = {
			isa = XCConfigurationList;
			buildConfigurations = (
				D15E35D52021C9CC00109978 /* Debug */,
				D15E35D62021C9CC00109978 /* Release */,
			);
			defaultConfigurationIsVisible = 0;
			defaultConfigurationName = Release;
		};
		D15E35D72021C9CC00109978 /* Build configuration list for PBXNativeTarget "Todo" */ = {
			isa = XCConfigurationList;
			buildConfigurations = (
				D15E35D82021C9CC00109978 /* Debug */,
				D15E35D92021C9CC00109978 /* Release */,
			);
			defaultConfigurationIsVisible = 0;
			defaultConfigurationName = Release;
		};
/* End XCConfigurationList section */
	};
	rootObject = D15E35B92021C9CC00109978 /* Project object */;
}
